github.com/krakend/flatmap v1.2.0 h1:4NPncAKH7Ca/t878kbGlc/LPWLa+m4sgBhs8aT2Q1SY=
github.com/krakend/flatmap v1.2.0/go.mod h1:FyCOoggdVlWr31+aQaOFvBxlMgYfCE5yuwInLbW1/jM=
github.com/luraproject/lura/v2 v2.12.1 h1:+0itsccgsguOeGRjkgtdgE3RGdiMac4VC3/qE7eZKqE=
github.com/luraproject/lura/v2 v2.12.1/go.mod h1:ZUBYMsjVwPAZWVEoBtJ6keodn13tgw/5QQyY3nDkk2I=
github.com/valyala/fastrand v1.1.0 h1:f+5HkLW4rsgzdNoleUOB69hyT9IlD2ZQh9GyDMfb5G8=
github.com/valyala/fastrand v1.1.0/go.mod h1:HWqCzkrkg6QXT8V2EXWvXCoow7vLwOFN002oeRzjapQ=
golang.org/x/text v0.29.0 h1:1neNs90w9YzJ9BocxfsQNHKuAT4pkghyXc4nhZ6sJvk=
golang.org/x/text v0.29.0/go.mod h1:7MhJOA9CD2qZyOKYazxdYMF85OwPdEr9jTtBpO7ydH4=
